// !$*UTF8*$!
{
	archiveVersion = 1;
	classes = {
	};
	objectVersion = 48;
	objects = {

/* Begin PBXBuildFile section */
		A72E5B8F26CFA88D577C6277 /* Pods_MyIntranet.framework in Frameworks */ = {isa = PBXBuildFile; fileRef = D804431106D0D0CF238C59F8 /* Pods_MyIntranet.framework */; };
		D64750561FE1189200BAD4EA /* AppDelegate.swift in Sources */ = {isa = PBXBuildFile; fileRef = D64750551FE1189200BAD4EA /* AppDelegate.swift */; };
		D64750581FE1189200BAD4EA /* ViewController.swift in Sources */ = {isa = PBXBuildFile; fileRef = D64750571FE1189200BAD4EA /* ViewController.swift */; };
		D647505B1FE1189200BAD4EA /* Main.storyboard in Resources */ = {isa = PBXBuildFile; fileRef = D64750591FE1189200BAD4EA /* Main.storyboard */; };
		D647505D1FE1189200BAD4EA /* Assets.xcassets in Resources */ = {isa = PBXBuildFile; fileRef = D647505C1FE1189200BAD4EA /* Assets.xcassets */; };
		D64750601FE1189200BAD4EA /* LaunchScreen.storyboard in Resources */ = {isa = PBXBuildFile; fileRef = D647505E1FE1189200BAD4EA /* LaunchScreen.storyboard */; };
		D64750681FE123F200BAD4EA /* liferay-server-context.plist in Resources */ = {isa = PBXBuildFile; fileRef = D64750671FE123F200BAD4EA /* liferay-server-context.plist */; };
		D647506A1FE1798000BAD4EA /* LoginView_custom.xib in Resources */ = {isa = PBXBuildFile; fileRef = D64750691FE1798000BAD4EA /* LoginView_custom.xib */; };
		D647506C1FE17EF300BAD4EA /* default-lock-icon.png in Resources */ = {isa = PBXBuildFile; fileRef = D647506B1FE17EF300BAD4EA /* default-lock-icon.png */; };
		D6B6C03C1FE3AA8400B283FB /* UserProfileScreenlet.swift in Sources */ = {isa = PBXBuildFile; fileRef = D6B6C03B1FE3AA8400B283FB /* UserProfileScreenlet.swift */; };
		D6B6C03E1FE3ABC600B283FB /* UserProfileView_default.xib in Resources */ = {isa = PBXBuildFile; fileRef = D6B6C03D1FE3ABC600B283FB /* UserProfileView_default.xib */; };
		D6B6C0401FE3AC9500B283FB /* UserProfileView_default.swift in Sources */ = {isa = PBXBuildFile; fileRef = D6B6C03F1FE3AC9500B283FB /* UserProfileView_default.swift */; };
		D6B6C0421FE3B08E00B283FB /* GetUserInteractor.swift in Sources */ = {isa = PBXBuildFile; fileRef = D6B6C0411FE3B08E00B283FB /* GetUserInteractor.swift */; };
		D6B6C0441FE3B14B00B283FB /* GetUserConnector.swift in Sources */ = {isa = PBXBuildFile; fileRef = D6B6C0431FE3B14B00B283FB /* GetUserConnector.swift */; };
		D6B6C0461FE3B82F00B283FB /* UserProfileViewModel.swift in Sources */ = {isa = PBXBuildFile; fileRef = D6B6C0451FE3B82F00B283FB /* UserProfileViewModel.swift */; };
		D6E18B781FE292A100BF8E63 /* LoginView_custom.swift in Sources */ = {isa = PBXBuildFile; fileRef = D6E18B771FE292A100BF8E63 /* LoginView_custom.swift */; };
/* End PBXBuildFile section */

/* Begin PBXFileReference section */
		212365596DD790929AA8BDEA /* Pods-MyIntranet.release.xcconfig */ = {isa = PBXFileReference; includeInIndex = 1; lastKnownFileType = text.xcconfig; name = "Pods-MyIntranet.release.xcconfig"; path = "Pods/Target Support Files/Pods-MyIntranet/Pods-MyIntranet.release.xcconfig"; sourceTree = "<group>"; };
		CC51CBC84C5A6578AA3636DB /* Pods-MyIntranet.debug.xcconfig */ = {isa = PBXFileReference; includeInIndex = 1; lastKnownFileType = text.xcconfig; name = "Pods-MyIntranet.debug.xcconfig"; path = "Pods/Target Support Files/Pods-MyIntranet/Pods-MyIntranet.debug.xcconfig"; sourceTree = "<group>"; };
		D64750521FE1189200BAD4EA /* MyIntranet.app */ = {isa = PBXFileReference; explicitFileType = wrapper.application; includeInIndex = 0; path = MyIntranet.app; sourceTree = BUILT_PRODUCTS_DIR; };
		D64750551FE1189200BAD4EA /* AppDelegate.swift */ = {isa = PBXFileReference; lastKnownFileType = sourcecode.swift; path = AppDelegate.swift; sourceTree = "<group>"; };
		D64750571FE1189200BAD4EA /* ViewController.swift */ = {isa = PBXFileReference; lastKnownFileType = sourcecode.swift; path = ViewController.swift; sourceTree = "<group>"; };
		D647505A1FE1189200BAD4EA /* Base */ = {isa = PBXFileReference; lastKnownFileType = file.storyboard; name = Base; path = Base.lproj/Main.storyboard; sourceTree = "<group>"; };
		D647505C1FE1189200BAD4EA /* Assets.xcassets */ = {isa = PBXFileReference; lastKnownFileType = folder.assetcatalog; path = Assets.xcassets; sourceTree = "<group>"; };
		D647505F1FE1189200BAD4EA /* Base */ = {isa = PBXFileReference; lastKnownFileType = file.storyboard; name = Base; path = Base.lproj/LaunchScreen.storyboard; sourceTree = "<group>"; };
		D64750611FE1189200BAD4EA /* Info.plist */ = {isa = PBXFileReference; lastKnownFileType = text.plist.xml; path = Info.plist; sourceTree = "<group>"; };
		D64750671FE123F200BAD4EA /* liferay-server-context.plist */ = {isa = PBXFileReference; lastKnownFileType = text.plist.xml; path = "liferay-server-context.plist"; sourceTree = "<group>"; };
		D64750691FE1798000BAD4EA /* LoginView_custom.xib */ = {isa = PBXFileReference; fileEncoding = 4; lastKnownFileType = file.xib; path = LoginView_custom.xib; sourceTree = "<group>"; };
		D647506B1FE17EF300BAD4EA /* default-lock-icon.png */ = {isa = PBXFileReference; lastKnownFileType = image.png; path = "default-lock-icon.png"; sourceTree = "<group>"; };
		D6B6C03B1FE3AA8400B283FB /* UserProfileScreenlet.swift */ = {isa = PBXFileReference; lastKnownFileType = sourcecode.swift; path = UserProfileScreenlet.swift; sourceTree = "<group>"; };
		D6B6C03D1FE3ABC600B283FB /* UserProfileView_default.xib */ = {isa = PBXFileReference; lastKnownFileType = file.xib; path = UserProfileView_default.xib; sourceTree = "<group>"; };
		D6B6C03F1FE3AC9500B283FB /* UserProfileView_default.swift */ = {isa = PBXFileReference; lastKnownFileType = sourcecode.swift; path = UserProfileView_default.swift; sourceTree = "<group>"; };
		D6B6C0411FE3B08E00B283FB /* GetUserInteractor.swift */ = {isa = PBXFileReference; lastKnownFileType = sourcecode.swift; path = GetUserInteractor.swift; sourceTree = "<group>"; };
		D6B6C0431FE3B14B00B283FB /* GetUserConnector.swift */ = {isa = PBXFileReference; lastKnownFileType = sourcecode.swift; path = GetUserConnector.swift; sourceTree = "<group>"; };
		D6B6C0451FE3B82F00B283FB /* UserProfileViewModel.swift */ = {isa = PBXFileReference; lastKnownFileType = sourcecode.swift; path = UserProfileViewModel.swift; sourceTree = "<group>"; };
		D6E18B771FE292A100BF8E63 /* LoginView_custom.swift */ = {isa = PBXFileReference; lastKnownFileType = sourcecode.swift; path = LoginView_custom.swift; sourceTree = "<group>"; };
		D804431106D0D0CF238C59F8 /* Pods_MyIntranet.framework */ = {isa = PBXFileReference; explicitFileType = wrapper.framework; includeInIndex = 0; path = Pods_MyIntranet.framework; sourceTree = BUILT_PRODUCTS_DIR; };
/* End PBXFileReference section */

/* Begin PBXFrameworksBuildPhase section */
		D647504F1FE1189200BAD4EA /* Frameworks */ = {
			isa = PBXFrameworksBuildPhase;
			buildActionMask = 2147483647;
			files = (
				A72E5B8F26CFA88D577C6277 /* Pods_MyIntranet.framework in Frameworks */,
			);
			runOnlyForDeploymentPostprocessing = 0;
		};
/* End PBXFrameworksBuildPhase section */

/* Begin PBXGroup section */
		4A0472B2034E3233E9AA2E0F /* Frameworks */ = {
			isa = PBXGroup;
			children = (
				D804431106D0D0CF238C59F8 /* Pods_MyIntranet.framework */,
			);
			name = Frameworks;
			sourceTree = "<group>";
		};
		85ADBD13783BE3DD82BF0119 /* Pods */ = {
			isa = PBXGroup;
			children = (
				CC51CBC84C5A6578AA3636DB /* Pods-MyIntranet.debug.xcconfig */,
				212365596DD790929AA8BDEA /* Pods-MyIntranet.release.xcconfig */,
			);
			name = Pods;
			sourceTree = "<group>";
		};
		D64750491FE1189200BAD4EA = {
			isa = PBXGroup;
			children = (
				D64750541FE1189200BAD4EA /* MyIntranet */,
				D64750531FE1189200BAD4EA /* Products */,
				85ADBD13783BE3DD82BF0119 /* Pods */,
				4A0472B2034E3233E9AA2E0F /* Frameworks */,
			);
			sourceTree = "<group>";
		};
		D64750531FE1189200BAD4EA /* Products */ = {
			isa = PBXGroup;
			children = (
				D64750521FE1189200BAD4EA /* MyIntranet.app */,
			);
			name = Products;
			sourceTree = "<group>";
		};
		D64750541FE1189200BAD4EA /* MyIntranet */ = {
			isa = PBXGroup;
			children = (
				D6B6C03A1FE3AA4000B283FB /* UserProfile */,
				D64750691FE1798000BAD4EA /* LoginView_custom.xib */,
				D64750551FE1189200BAD4EA /* AppDelegate.swift */,
				D64750571FE1189200BAD4EA /* ViewController.swift */,
				D64750591FE1189200BAD4EA /* Main.storyboard */,
				D647506B1FE17EF300BAD4EA /* default-lock-icon.png */,
				D647505C1FE1189200BAD4EA /* Assets.xcassets */,
				D647505E1FE1189200BAD4EA /* LaunchScreen.storyboard */,
				D64750611FE1189200BAD4EA /* Info.plist */,
				D64750671FE123F200BAD4EA /* liferay-server-context.plist */,
				D6E18B771FE292A100BF8E63 /* LoginView_custom.swift */,
			);
			path = MyIntranet;
			sourceTree = "<group>";
		};
		D6B6C03A1FE3AA4000B283FB /* UserProfile */ = {
			isa = PBXGroup;
			children = (
				D6B6C03B1FE3AA8400B283FB /* UserProfileScreenlet.swift */,
				D6B6C03D1FE3ABC600B283FB /* UserProfileView_default.xib */,
				D6B6C03F1FE3AC9500B283FB /* UserProfileView_default.swift */,
				D6B6C0411FE3B08E00B283FB /* GetUserInteractor.swift */,
				D6B6C0431FE3B14B00B283FB /* GetUserConnector.swift */,
				D6B6C0451FE3B82F00B283FB /* UserProfileViewModel.swift */,
			);
			path = UserProfile;
			sourceTree = "<group>";
		};
/* End PBXGroup section */

/* Begin PBXNativeTarget section */
		D64750511FE1189200BAD4EA /* MyIntranet */ = {
			isa = PBXNativeTarget;
			buildConfigurationList = D64750641FE1189200BAD4EA /* Build configuration list for PBXNativeTarget "MyIntranet" */;
			buildPhases = (
				61DB0C947C32CD6A2059675E /* [CP] Check Pods Manifest.lock */,
				D647504E1FE1189200BAD4EA /* Sources */,
				D647504F1FE1189200BAD4EA /* Frameworks */,
				D64750501FE1189200BAD4EA /* Resources */,
				2F27329C7728AF0F07037884 /* [CP] Embed Pods Frameworks */,
				71118E4887E96D2A7469A5EA /* [CP] Copy Pods Resources */,
			);
			buildRules = (
			);
			dependencies = (
			);
			name = MyIntranet;
			productName = MyIntranet;
			productReference = D64750521FE1189200BAD4EA /* MyIntranet.app */;
			productType = "com.apple.product-type.application";
		};
/* End PBXNativeTarget section */

/* Begin PBXProject section */
		D647504A1FE1189200BAD4EA /* Project object */ = {
			isa = PBXProject;
			attributes = {
				LastSwiftUpdateCheck = 0910;
				LastUpgradeCheck = 0910;
				ORGANIZATIONNAME = Liferay;
				TargetAttributes = {
					D64750511FE1189200BAD4EA = {
						CreatedOnToolsVersion = 9.1;
						ProvisioningStyle = Automatic;
					};
				};
			};
			buildConfigurationList = D647504D1FE1189200BAD4EA /* Build configuration list for PBXProject "MyIntranet" */;
			compatibilityVersion = "Xcode 8.0";
			developmentRegion = en;
			hasScannedForEncodings = 0;
			knownRegions = (
				en,
				Base,
			);
			mainGroup = D64750491FE1189200BAD4EA;
			productRefGroup = D64750531FE1189200BAD4EA /* Products */;
			projectDirPath = "";
			projectRoot = "";
			targets = (
				D64750511FE1189200BAD4EA /* MyIntranet */,
			);
		};
/* End PBXProject section */

/* Begin PBXResourcesBuildPhase section */
		D64750501FE1189200BAD4EA /* Resources */ = {
			isa = PBXResourcesBuildPhase;
			buildActionMask = 2147483647;
			files = (
				D64750681FE123F200BAD4EA /* liferay-server-context.plist in Resources */,
				D647506C1FE17EF300BAD4EA /* default-lock-icon.png in Resources */,
				D6B6C03E1FE3ABC600B283FB /* UserProfileView_default.xib in Resources */,
				D64750601FE1189200BAD4EA /* LaunchScreen.storyboard in Resources */,
				D647506A1FE1798000BAD4EA /* LoginView_custom.xib in Resources */,
				D647505D1FE1189200BAD4EA /* Assets.xcassets in Resources */,
				D647505B1FE1189200BAD4EA /* Main.storyboard in Resources */,
			);
			runOnlyForDeploymentPostprocessing = 0;
		};
/* End PBXResourcesBuildPhase section */

/* Begin PBXShellScriptBuildPhase section */
		2F27329C7728AF0F07037884 /* [CP] Embed Pods Frameworks */ = {
			isa = PBXShellScriptBuildPhase;
			buildActionMask = 2147483647;
			files = (
			);
			inputPaths = (
				"${SRCROOT}/Pods/Target Support Files/Pods-MyIntranet/Pods-MyIntranet-frameworks.sh",
				"${BUILT_PRODUCTS_DIR}/AFNetworking/AFNetworking.framework",
				"${BUILT_PRODUCTS_DIR}/CocoaLumberjack/CocoaLumberjack.framework",
				"${BUILT_PRODUCTS_DIR}/Cordova/Cordova.framework",
				"${BUILT_PRODUCTS_DIR}/Cosmos/Cosmos.framework",
				"${BUILT_PRODUCTS_DIR}/CryptoSwift/CryptoSwift.framework",
				"${BUILT_PRODUCTS_DIR}/DTPickerPresenter/DTPickerPresenter.framework",
				"${BUILT_PRODUCTS_DIR}/KeychainAccess/KeychainAccess.framework",
				"${BUILT_PRODUCTS_DIR}/Kingfisher/Kingfisher.framework",
				"${BUILT_PRODUCTS_DIR}/Liferay-OAuth/LROAuth.framework",
				"${BUILT_PRODUCTS_DIR}/Liferay-iOS-SDK/LRMobileSDK.framework",
				"${BUILT_PRODUCTS_DIR}/LiferayScreens/LiferayScreens.framework",
				"${BUILT_PRODUCTS_DIR}/LiferayScreensThemeDemo/LiferayScreensThemeDemo.framework",
				"${BUILT_PRODUCTS_DIR}/MBProgressHUD/MBProgressHUD.framework",
				"${BUILT_PRODUCTS_DIR}/MDRadialProgress/MDRadialProgress.framework",
				"${BUILT_PRODUCTS_DIR}/Reachability/Reachability.framework",
				"${BUILT_PRODUCTS_DIR}/SMXMLDocument/SMXMLDocument.framework",
				"${BUILT_PRODUCTS_DIR}/SQLCipher/SQLCipher.framework",
				"${BUILT_PRODUCTS_DIR}/TNRadioButtonGroup/TNRadioButtonGroup.framework",
				"${BUILT_PRODUCTS_DIR}/YapDatabase/YapDatabase.framework",
			);
			name = "[CP] Embed Pods Frameworks";
			outputPaths = (
				"${TARGET_BUILD_DIR}/${FRAMEWORKS_FOLDER_PATH}/AFNetworking.framework",
				"${TARGET_BUILD_DIR}/${FRAMEWORKS_FOLDER_PATH}/CocoaLumberjack.framework",
				"${TARGET_BUILD_DIR}/${FRAMEWORKS_FOLDER_PATH}/Cordova.framework",
				"${TARGET_BUILD_DIR}/${FRAMEWORKS_FOLDER_PATH}/Cosmos.framework",
				"${TARGET_BUILD_DIR}/${FRAMEWORKS_FOLDER_PATH}/CryptoSwift.framework",
				"${TARGET_BUILD_DIR}/${FRAMEWORKS_FOLDER_PATH}/DTPickerPresenter.framework",
				"${TARGET_BUILD_DIR}/${FRAMEWORKS_FOLDER_PATH}/KeychainAccess.framework",
				"${TARGET_BUILD_DIR}/${FRAMEWORKS_FOLDER_PATH}/Kingfisher.framework",
				"${TARGET_BUILD_DIR}/${FRAMEWORKS_FOLDER_PATH}/LROAuth.framework",
				"${TARGET_BUILD_DIR}/${FRAMEWORKS_FOLDER_PATH}/LRMobileSDK.framework",
				"${TARGET_BUILD_DIR}/${FRAMEWORKS_FOLDER_PATH}/LiferayScreens.framework",
				"${TARGET_BUILD_DIR}/${FRAMEWORKS_FOLDER_PATH}/LiferayScreensThemeDemo.framework",
				"${TARGET_BUILD_DIR}/${FRAMEWORKS_FOLDER_PATH}/MBProgressHUD.framework",
				"${TARGET_BUILD_DIR}/${FRAMEWORKS_FOLDER_PATH}/MDRadialProgress.framework",
				"${TARGET_BUILD_DIR}/${FRAMEWORKS_FOLDER_PATH}/Reachability.framework",
				"${TARGET_BUILD_DIR}/${FRAMEWORKS_FOLDER_PATH}/SMXMLDocument.framework",
				"${TARGET_BUILD_DIR}/${FRAMEWORKS_FOLDER_PATH}/SQLCipher.framework",
				"${TARGET_BUILD_DIR}/${FRAMEWORKS_FOLDER_PATH}/TNRadioButtonGroup.framework",
				"${TARGET_BUILD_DIR}/${FRAMEWORKS_FOLDER_PATH}/YapDatabase.framework",
			);
			runOnlyForDeploymentPostprocessing = 0;
			shellPath = /bin/sh;
			shellScript = "\"${SRCROOT}/Pods/Target Support Files/Pods-MyIntranet/Pods-MyIntranet-frameworks.sh\"\n";
			showEnvVarsInLog = 0;
		};
		61DB0C947C32CD6A2059675E /* [CP] Check Pods Manifest.lock */ = {
			isa = PBXShellScriptBuildPhase;
			buildActionMask = 2147483647;
			files = (
			);
			inputPaths = (
				"${PODS_PODFILE_DIR_PATH}/Podfile.lock",
				"${PODS_ROOT}/Manifest.lock",
			);
			name = "[CP] Check Pods Manifest.lock";
			outputPaths = (
				"$(DERIVED_FILE_DIR)/Pods-MyIntranet-checkManifestLockResult.txt",
			);
			runOnlyForDeploymentPostprocessing = 0;
			shellPath = /bin/sh;
			shellScript = "diff \"${PODS_PODFILE_DIR_PATH}/Podfile.lock\" \"${PODS_ROOT}/Manifest.lock\" > /dev/null\nif [ $? != 0 ] ; then\n    # print error to STDERR\n    echo \"error: The sandbox is not in sync with the Podfile.lock. Run 'pod install' or update your CocoaPods installation.\" >&2\n    exit 1\nfi\n# This output is used by Xcode 'outputs' to avoid re-running this script phase.\necho \"SUCCESS\" > \"${SCRIPT_OUTPUT_FILE_0}\"\n";
			showEnvVarsInLog = 0;
		};
		71118E4887E96D2A7469A5EA /* [CP] Copy Pods Resources */ = {
			isa = PBXShellScriptBuildPhase;
			buildActionMask = 2147483647;
			files = (
			);
			inputPaths = (
			);
			name = "[CP] Copy Pods Resources";
			outputPaths = (
			);
			runOnlyForDeploymentPostprocessing = 0;
			shellPath = /bin/sh;
			shellScript = "\"${SRCROOT}/Pods/Target Support Files/Pods-MyIntranet/Pods-MyIntranet-resources.sh\"\n";
			showEnvVarsInLog = 0;
		};
/* End PBXShellScriptBuildPhase section */

/* Begin PBXSourcesBuildPhase section */
		D647504E1FE1189200BAD4EA /* Sources */ = {
			isa = PBXSourcesBuildPhase;
			buildActionMask = 2147483647;
			files = (
				D6B6C0441FE3B14B00B283FB /* GetUserConnector.swift in Sources */,
				D6B6C0461FE3B82F00B283FB /* UserProfileViewModel.swift in Sources */,
				D6E18B781FE292A100BF8E63 /* LoginView_custom.swift in Sources */,
				D64750581FE1189200BAD4EA /* ViewController.swift in Sources */,
				D6B6C03C1FE3AA8400B283FB /* UserProfileScreenlet.swift in Sources */,
				D6B6C0401FE3AC9500B283FB /* UserProfileView_default.swift in Sources */,
				D6B6C0421FE3B08E00B283FB /* GetUserInteractor.swift in Sources */,
				D64750561FE1189200BAD4EA /* AppDelegate.swift in Sources */,
			);
			runOnlyForDeploymentPostprocessing = 0;
		};
/* End PBXSourcesBuildPhase section */

/* Begin PBXVariantGroup section */
		D64750591FE1189200BAD4EA /* Main.storyboard */ = {
			isa = PBXVariantGroup;
			children = (
				D647505A1FE1189200BAD4EA /* Base */,
			);
			name = Main.storyboard;
			sourceTree = "<group>";
		};
		D647505E1FE1189200BAD4EA /* LaunchScreen.storyboard */ = {
			isa = PBXVariantGroup;
			children = (
				D647505F1FE1189200BAD4EA /* Base */,
			);
			name = LaunchScreen.storyboard;
			sourceTree = "<group>";
		};
/* End PBXVariantGroup section */

/* Begin XCBuildConfiguration section */
		D64750621FE1189200BAD4EA /* Debug */ = {
			isa = XCBuildConfiguration;
			buildSettings = {
				ALWAYS_SEARCH_USER_PATHS = NO;
				CLANG_ANALYZER_NONNULL = YES;
				CLANG_ANALYZER_NUMBER_OBJECT_CONVERSION = YES_AGGRESSIVE;
				CLANG_CXX_LANGUAGE_STANDARD = "gnu++14";
				CLANG_CXX_LIBRARY = "libc++";
				CLANG_ENABLE_MODULES = YES;
				CLANG_ENABLE_OBJC_ARC = YES;
				CLANG_WARN_BLOCK_CAPTURE_AUTORELEASING = YES;
				CLANG_WARN_BOOL_CONVERSION = YES;
				CLANG_WARN_COMMA = YES;
				CLANG_WARN_CONSTANT_CONVERSION = YES;
				CLANG_WARN_DIRECT_OBJC_ISA_USAGE = YES_ERROR;
				CLANG_WARN_DOCUMENTATION_COMMENTS = YES;
				CLANG_WARN_EMPTY_BODY = YES;
				CLANG_WARN_ENUM_CONVERSION = YES;
				CLANG_WARN_INFINITE_RECURSION = YES;
				CLANG_WARN_INT_CONVERSION = YES;
				CLANG_WARN_NON_LITERAL_NULL_CONVERSION = YES;
				CLANG_WARN_OBJC_LITERAL_CONVERSION = YES;
				CLANG_WARN_OBJC_ROOT_CLASS = YES_ERROR;
				CLANG_WARN_RANGE_LOOP_ANALYSIS = YES;
				CLANG_WARN_STRICT_PROTOTYPES = YES;
				CLANG_WARN_SUSPICIOUS_MOVE = YES;
				CLANG_WARN_UNGUARDED_AVAILABILITY = YES_AGGRESSIVE;
				CLANG_WARN_UNREACHABLE_CODE = YES;
				CLANG_WARN__DUPLICATE_METHOD_MATCH = YES;
				CODE_SIGN_IDENTITY = "iPhone Developer";
				COPY_PHASE_STRIP = NO;
				DEBUG_INFORMATION_FORMAT = dwarf;
				ENABLE_STRICT_OBJC_MSGSEND = YES;
				ENABLE_TESTABILITY = YES;
				GCC_C_LANGUAGE_STANDARD = gnu11;
				GCC_DYNAMIC_NO_PIC = NO;
				GCC_NO_COMMON_BLOCKS = YES;
				GCC_OPTIMIZATION_LEVEL = 0;
				GCC_PREPROCESSOR_DEFINITIONS = (
					"DEBUG=1",
					"$(inherited)",
				);
				GCC_WARN_64_TO_32_BIT_CONVERSION = YES;
				GCC_WARN_ABOUT_RETURN_TYPE = YES_ERROR;
				GCC_WARN_UNDECLARED_SELECTOR = YES;
				GCC_WARN_UNINITIALIZED_AUTOS = YES_AGGRESSIVE;
				GCC_WARN_UNUSED_FUNCTION = YES;
				GCC_WARN_UNUSED_VARIABLE = YES;
				IPHONEOS_DEPLOYMENT_TARGET = 11.1;
				MTL_ENABLE_DEBUG_INFO = YES;
				ONLY_ACTIVE_ARCH = YES;
				SDKROOT = iphoneos;
				SWIFT_ACTIVE_COMPILATION_CONDITIONS = DEBUG;
				SWIFT_OPTIMIZATION_LEVEL = "-Onone";
			};
			name = Debug;
		};
		D64750631FE1189200BAD4EA /* Release */ = {
			isa = XCBuildConfiguration;
			buildSettings = {
				ALWAYS_SEARCH_USER_PATHS = NO;
				CLANG_ANALYZER_NONNULL = YES;
				CLANG_ANALYZER_NUMBER_OBJECT_CONVERSION = YES_AGGRESSIVE;
				CLANG_CXX_LANGUAGE_STANDARD = "gnu++14";
				CLANG_CXX_LIBRARY = "libc++";
				CLANG_ENABLE_MODULES = YES;
				CLANG_ENABLE_OBJC_ARC = YES;
				CLANG_WARN_BLOCK_CAPTURE_AUTORELEASING = YES;
				CLANG_WARN_BOOL_CONVERSION = YES;
				CLANG_WARN_COMMA = YES;
				CLANG_WARN_CONSTANT_CONVERSION = YES;
				CLANG_WARN_DIRECT_OBJC_ISA_USAGE = YES_ERROR;
				CLANG_WARN_DOCUMENTATION_COMMENTS = YES;
				CLANG_WARN_EMPTY_BODY = YES;
				CLANG_WARN_ENUM_CONVERSION = YES;
				CLANG_WARN_INFINITE_RECURSION = YES;
				CLANG_WARN_INT_CONVERSION = YES;
				CLANG_WARN_NON_LITERAL_NULL_CONVERSION = YES;
				CLANG_WARN_OBJC_LITERAL_CONVERSION = YES;
				CLANG_WARN_OBJC_ROOT_CLASS = YES_ERROR;
				CLANG_WARN_RANGE_LOOP_ANALYSIS = YES;
				CLANG_WARN_STRICT_PROTOTYPES = YES;
				CLANG_WARN_SUSPICIOUS_MOVE = YES;
				CLANG_WARN_UNGUARDED_AVAILABILITY = YES_AGGRESSIVE;
				CLANG_WARN_UNREACHABLE_CODE = YES;
				CLANG_WARN__DUPLICATE_METHOD_MATCH = YES;
				CODE_SIGN_IDENTITY = "iPhone Developer";
				COPY_PHASE_STRIP = NO;
				DEBUG_INFORMATION_FORMAT = "dwarf-with-dsym";
				ENABLE_NS_ASSERTIONS = NO;
				ENABLE_STRICT_OBJC_MSGSEND = YES;
				GCC_C_LANGUAGE_STANDARD = gnu11;
				GCC_NO_COMMON_BLOCKS = YES;
				GCC_WARN_64_TO_32_BIT_CONVERSION = YES;
				GCC_WARN_ABOUT_RETURN_TYPE = YES_ERROR;
				GCC_WARN_UNDECLARED_SELECTOR = YES;
				GCC_WARN_UNINITIALIZED_AUTOS = YES_AGGRESSIVE;
				GCC_WARN_UNUSED_FUNCTION = YES;
				GCC_WARN_UNUSED_VARIABLE = YES;
				IPHONEOS_DEPLOYMENT_TARGET = 11.1;
				MTL_ENABLE_DEBUG_INFO = NO;
				SDKROOT = iphoneos;
				SWIFT_OPTIMIZATION_LEVEL = "-Owholemodule";
				VALIDATE_PRODUCT = YES;
			};
			name = Release;
		};
		D64750651FE1189200BAD4EA /* Debug */ = {
			isa = XCBuildConfiguration;
			baseConfigurationReference = CC51CBC84C5A6578AA3636DB /* Pods-MyIntranet.debug.xcconfig */;
			buildSettings = {
				ASSETCATALOG_COMPILER_APPICON_NAME = AppIcon;
				CODE_SIGN_STYLE = Automatic;
				INFOPLIST_FILE = MyIntranet/Info.plist;
				LD_RUNPATH_SEARCH_PATHS = "$(inherited) @executable_path/Frameworks";
				PRODUCT_BUNDLE_IDENTIFIER = com.liferay.MyIntranet;
				PRODUCT_NAME = "$(TARGET_NAME)";
				SWIFT_VERSION = 4.0;
				TARGETED_DEVICE_FAMILY = "1,2";
			};
			name = Debug;
		};
		D64750661FE1189200BAD4EA /* Release */ = {
			isa = XCBuildConfiguration;
			baseConfigurationReference = 212365596DD790929AA8BDEA /* Pods-MyIntranet.release.xcconfig */;
			buildSettings = {
				ASSETCATALOG_COMPILER_APPICON_NAME = AppIcon;
				CODE_SIGN_STYLE = Automatic;
				INFOPLIST_FILE = MyIntranet/Info.plist;
				LD_RUNPATH_SEARCH_PATHS = "$(inherited) @executable_path/Frameworks";
				PRODUCT_BUNDLE_IDENTIFIER = com.liferay.MyIntranet;
				PRODUCT_NAME = "$(TARGET_NAME)";
				SWIFT_VERSION = 4.0;
				TARGETED_DEVICE_FAMILY = "1,2";
			};
			name = Release;
		};
/* End XCBuildConfiguration section */

/* Begin XCConfigurationList section */
		D647504D1FE1189200BAD4EA /* Build configuration list for PBXProject "MyIntranet" */ = {
			isa = XCConfigurationList;
			buildConfigurations = (
				D64750621FE1189200BAD4EA /* Debug */,
				D64750631FE1189200BAD4EA /* Release */,
			);
			defaultConfigurationIsVisible = 0;
			defaultConfigurationName = Release;
		};
		D64750641FE1189200BAD4EA /* Build configuration list for PBXNativeTarget "MyIntranet" */ = {
			isa = XCConfigurationList;
			buildConfigurations = (
				D64750651FE1189200BAD4EA /* Debug */,
				D64750661FE1189200BAD4EA /* Release */,
			);
			defaultConfigurationIsVisible = 0;
			defaultConfigurationName = Release;
		};
/* End XCConfigurationList section */
	};
	rootObject = D647504A1FE1189200BAD4EA /* Project object */;
}
